github.com/aymanbagabas/go-osc52/v2 v2.0.1 h1:HwpRHbFMcZLEVr42D4p7XBqjyuxQH5SMiErDT4WkJ2k=
github.com/aymanbagabas/go-osc52/v2 v2.0.1/go.mod h1:uYgXzlJ7ZpABp8OJ+exZzJJhRNQ2ASbcXHWsFqH8hp8=
github.com/bep/debounce v1.2.1 h1:v67fRdBA9UQu2NhLFXrSg0Brw7CexQekrBwDMM8bzeY=
github.com/bep/debounce v1.2.1/go.mod h1:H8yggRPQKLUhUoqrJC1bO2xNya7vanpDl7xR3ISbCJ0=
github.com/davecgh/go-spew v1.1.2-0.20180830191138-d8f796af33cc h1:U9qPSI2PIWSS1VwoXQT9A3Wy9MM3WgvqSxFWenqJduM=
github.com/davecgh/go-spew v1.1.2-0.20180830191138-d8f796af33cc/go.mod h1:J7Y8YcW2NihsgmVo/mv3lAwl/skON4iLHjSsI+c5H38=
github.com/gorilla/websocket v1.4.1/go.mod h1:YR8l580nyteQvAITg2hZ9XVh4b55+EU/adAjf1fMHhE=
github.com/gorilla/websocket v1.5.3 h1:saDtZ6Pbx/0u+bgYQ3q96pZgCzfhKXGPqt7kZ72aNNg=
github.com/gorilla/websocket v1.5.3/go.mod h1:YR8l580nyteQvAITg2hZ9XVh4b55+EU/adAjf1fMHhE=
github.com/iancoleman/strcase v0.3.0 h1:nTXanmYxhfFAMjZL34Ov6gkzEsSJZ5DbhxWjvSASxEI=
github.com/iancoleman/strcase v0.3.0/go.mod h1:iwCmte+B7n89clKwxIoIXy/HfoL7AsD47ZCWhYzw7ho=
github.com/lucasb-eyer/go-colorful v1.2.0 h1:1nnpGOrhyZZuNyfu1QjKiUICQ74+3FNCN69Aj6K7nkY=
github.com/lucasb-eyer/go-colorful v1.2.0/go.mod h1:R4dSotOR9KMtayYi1e77YzuveK+i7ruzyGqttikkLy0=
github.com/mattn/go-isatty v0.0.20 h1:xfD0iDuEKnDkl03q4limB+vH+GxLEtL/jb4xVJSWWEY=
github.com/mattn/go-isatty v0.0.20/go.mod h1:W+V8PltTTMOvKvAeJH7IuucS94S2C6jfK/D7dTCTo3Y=
github.com/mattn/go-pointer v0.0.1 h1:n+XhsuGeVO6MEAp7xyEukFINEa+Quek5psIR/ylA6o0=
github.com/mattn/go-pointer v0.0.1/go.mod h1:2zXcozF6qYGgmsG+SeTZz3oAbFLdD3OWqnUbNvJZAlc=
github.com/mattn/go-runewidth v0.0.16 h1:E5ScNMtiwvlvB5paMFdw9p4kSQzbXFikJ5SQO6TULQc=
github.com/mattn/go-runewidth v0.0.16/go.mod h1:Jdepj2loyihRzMpdS35Xk/zdY8IAYHsh153qUoGf23w=
github.com/mitchellh/mapstructure v1.5.0 h1:jeMsZIYE/09sWLaz43PL7Gy6RuMjD2eJVyuac5Z2hdY=
github.com/mitchellh/mapstructure v1.5.0/go.mod h1:bFUtVrKA4DC2yAKiSyO/QUcy7e+RRV2QTWOzhPopBRo=
github.com/muesli/termenv v0.15.2 h1:GohcuySI0QmI3wN8Ok9PtKGkgkFIk7y6Vpb5PvrY+Wo=
github.com/muesli/termenv v0.15.2/go.mod h1:Epx+iuz8sNs7mNKhxzH4fWXGNpZwUaJKRS1noLXviQ8=
github.com/muesli/termenv v0.16.0 h1:S5AlUN9dENB57rsbnkPyfdGuWIlkmzJjbFf0Tf5FWUc=
github.com/muesli/termenv v0.16.0/go.mod h1:ZRfOIKPFDYQoDFF4Olj7/QJbW60Ol/kL1pU3VfY/Cnk=
github.com/petermattis/goid v0.0.0-20240813172612-4fcff4a6cae7/go.mod h1:pxMtw7cyUw6B2bRH0ZBANSPg+AoSud1I1iyJHI69jH4=
github.com/petermattis/goid v0.0.0-20241211131331-93ee7e083c43 h1:ah1dvbqPMN5+ocrg/ZSgZ6k8bOk+kcZQ7fnyx6UvOm4=
github.com/petermattis/goid v0.0.0-20241211131331-93ee7e083c43/go.mod h1:pxMtw7cyUw6B2bRH0ZBANSPg+AoSud1I1iyJHI69jH4=
github.com/petermattis/goid v0.0.0-20250319124200-ccd6737f222a h1:S+AGcmAESQ0pXCUNnRH7V+bOUIgkSX5qVt2cNKCrm0Q=
github.com/petermattis/goid v0.0.0-20250319124200-ccd6737f222a/go.mod h1:pxMtw7cyUw6B2bRH0ZBANSPg+AoSud1I1iyJHI69jH4=
github.com/petermattis/goid v0.0.0-20250508124226-395b08cebbdb h1:3PrKuO92dUTMrQ9dx0YNejC6U/Si6jqKmyQ9vWjwqR4=
github.com/petermattis/goid v0.0.0-20250508124226-395b08cebbdb/go.mod h1:pxMtw7cyUw6B2bRH0ZBANSPg+AoSud1I1iyJHI69jH4=
github.com/pkg/errors v0.9.1 h1:FEBLx1zS214owpjy7qsBeixbURkuhQAwrK5UwLGTwt4=
github.com/pkg/errors v0.9.1/go.mod h1:bwawxfHBFNV+L2hUp1rHADufV3IMtnDRdf1r5NINEl0=
github.com/pmezard/go-difflib v1.0.0 h1:4DBwDE0NGyQoBHbLQYPwSUPoCMWR5BEzIk/f1lZbAQM=
github.com/pmezard/go-difflib v1.0.0/go.mod h1:iKH77koFhYxTK1pcRnkKkqfTogsbg7gZNVY4sRDYZ/4=
github.com/redexp/familymarkup-parser v0.1.0 h1:pmw9pW6wJd/0nVg6oNX2KpnfMEmdUtN8jXwTiqDVicw=
github.com/redexp/familymarkup-parser v0.1.0/go.mod h1:cr8xMz9UGpPCfU306aaY3KuimXEpqha8lBuBmRiqQhU=
github.com/redexp/familymarkup-parser v0.2.0 h1:F86cvd1G+au2xlK6MSInr5kJsmIR8ig4wij0YSq56F8=
github.com/redexp/familymarkup-parser v0.2.0/go.mod h1:cr8xMz9UGpPCfU306aaY3KuimXEpqha8lBuBmRiqQhU=
github.com/redexp/familymarkup-parser v0.3.0 h1:BoQeOqMKD5QU3j2V0FhjyAGi65BDYJ4DikVMkBFynDU=
github.com/redexp/familymarkup-parser v0.3.0/go.mod h1:cr8xMz9UGpPCfU306aaY3KuimXEpqha8lBuBmRiqQhU=
github.com/redexp/familymarkup-parser v0.4.0 h1:845pm50X4pQUnaySalQ+KaqTsmnOF/grS9VP7SclMVI=
github.com/redexp/familymarkup-parser v0.4.0/go.mod h1:cr8xMz9UGpPCfU306aaY3KuimXEpqha8lBuBmRiqQhU=
github.com/redexp/familymarkup-parser v0.5.0 h1:pc5s5ziVpaGQd9DgCpDdVLSru/xllXQsSQDj7YdpLN0=
github.com/redexp/familymarkup-parser v0.5.0/go.mod h1:cr8xMz9UGpPCfU306aaY3KuimXEpqha8lBuBmRiqQhU=
github.com/redexp/familymarkup-parser v0.5.1 h1:h8dSHv9gkQpX2D2BVWg+bd0g3hjVcRg0QvxFLSzePfM=
github.com/redexp/familymarkup-parser v0.5.1/go.mod h1:cr8xMz9UGpPCfU306aaY3KuimXEpqha8lBuBmRiqQhU=
github.com/redexp/familymarkup-parser v0.5.2 h1:zhvgmtFtHo1TolZJ842HqxpTK/Dz0Y+afhRosRwq26Y=
github.com/redexp/familymarkup-parser v0.5.2/go.mod h1:cr8xMz9UGpPCfU306aaY3KuimXEpqha8lBuBmRiqQhU=
github.com/redexp/familymarkup-parser v0.5.3 h1:hyB17l28XmRZN7aagU1E1IpUY6K6rLll7WugALDAV14=
github.com/redexp/familymarkup-parser v0.5.3/go.mod h1:cr8xMz9UGpPCfU306aaY3KuimXEpqha8lBuBmRiqQhU=
github.com/redexp/familymarkup-parser v0.6.0 h1:CbgWjO3N690y2Wl8CH3WGnJLKc267MnVI/PEkOM5CJU=
github.com/redexp/familymarkup-parser v0.6.0/go.mod h1:cr8xMz9UGpPCfU306aaY3KuimXEpqha8lBuBmRiqQhU=
github.com/redexp/familymarkup-parser v0.7.0 h1:ajtPgco2W15gHYMUk4IkfUa9koC8/qTeD9JeDMHT6VI=
github.com/redexp/familymarkup-parser v0.7.0/go.mod h1:cr8xMz9UGpPCfU306aaY3KuimXEpqha8lBuBmRiqQhU=
github.com/redexp/familymarkup-parser v0.8.0 h1:m+KDZeieE2tPFq8yPITcQe0EPjNGRPWpgUwJATkqEQE=
github.com/redexp/familymarkup-parser v0.8.0/go.mod h1:cr8xMz9UGpPCfU306aaY3KuimXEpqha8lBuBmRiqQhU=
github.com/redexp/familymarkup-parser v0.8.1 h1:XE3BOTom2JhQIesOrOSwvFGEQKb2y4RSD5JoLkiQzWE=
github.com/redexp/familymarkup-parser v0.8.1/go.mod h1:cr8xMz9UGpPCfU306aaY3KuimXEpqha8lBuBmRiqQhU=
github.com/redexp/textdocument v1.11.0 h1:EiMgOAjYE6caAAAVEUNSNjCHP2geGl/xvzK8gxDfgyM=
github.com/redexp/textdocument v1.11.0/go.mod h1:O5uUstTBCbtzfDYFHW9UoUhNixPQFqXvSlG6UDhjkMs=
github.com/redexp/textdocument v1.12.0 h1:zHDpFQs7zhiH/V+5KX9/irbTpU9Xda2h6dhWEW9zhi8=
github.com/redexp/textdocument v1.12.0/go.mod h1:O5uUstTBCbtzfDYFHW9UoUhNixPQFqXvSlG6UDhjkMs=
github.com/redexp/tree-sitter-familymarkup v1.14.0 h1:leeGpG7yw0L6uj73Ou+Y4PPZG84n7jiDMydFTxbU2pQ=
github.com/redexp/tree-sitter-familymarkup v1.14.0/go.mod h1:qiaierYUoQ0Bmr7GC09Yl4ADTmraI96iqXjrA3qmbsw=
github.com/rivo/uniseg v0.2.0/go.mod h1:J6wj4VEh+S6ZtnVlnTBMWIodfgj8LQOQFoIToxlJtxc=
github.com/rivo/uniseg v0.4.7 h1:WUdvkW8uEhrYfLC4ZzdpI2ztxP1I582+49Oc5Mq64VQ=
github.com/rivo/uniseg v0.4.7/go.mod h1:FN3SvrM+Zdj16jyLfmOkMNblXMcoc8DfTHruCPUcx88=
github.com/sasha-s/go-deadlock v0.3.5 h1:tNCOEEDG6tBqrNDOX35j/7hL5FcFViG6awUGROb2NsU=
github.com/sasha-s/go-deadlock v0.3.5/go.mod h1:bugP6EGbdGYObIlx7pUZtWqlvo8k9H6vCBBsiChJQ5U=
github.com/segmentio/ksuid v1.0.4 h1:sBo2BdShXjmcugAMwjugoGUdUV0pcxY5mW4xKRn3v4c=
github.com/segmentio/ksuid v1.0.4/go.mod h1:/XUiZBD3kVx5SmUOl55voK5yeAbBNNIed+2O73XgrPE=
github.com/sourcegraph/jsonrpc2 v0.2.0 h1:KjN/dC4fP6aN9030MZCJs9WQbTOjWHhrtKVpzzSrr/U=
github.com/sourcegraph/jsonrpc2 v0.2.0/go.mod h1:ZafdZgk/axhT1cvZAPOhw+95nz2I/Ra5qMlU4gTRwIo=
github.com/spf13/pflag v1.0.5 h1:iy+VFUOCP1a+8yFto/drg2CJ5u0yRoB7fZw3DKv/JXA=
github.com/spf13/pflag v1.0.5/go.mod h1:McXfInJRrz4CZXVZOBLb0bTZqETkiAhM9Iw0y3An2Bg=
github.com/spf13/pflag v1.0.6 h1:jFzHGLGAlb3ruxLB8MhbI6A8+AQX/2eW4qeyNZXNp2o=
github.com/spf13/pflag v1.0.6/go.mod h1:McXfInJRrz4CZXVZOBLb0bTZqETkiAhM9Iw0y3An2Bg=
github.com/stretchr/testify v1.9.0 h1:HtqpIVDClZ4nwg75+f6Lvsy/wHu+3BoSGCbBAcpTsTg=
github.com/stretchr/testify v1.9.0/go.mod h1:r2ic/lqez/lEtzL7wO/rwa5dbSLXVDPFyf8C91i36aY=
github.com/stretchr/testify v1.10.0 h1:Xv5erBjTwe/5IxqUQTdXv5kgmIvbHo3QQyRwhJsOfJA=
github.com/tliron/commonlog v0.2.19 h1:v1mOH1TyzFLqkshR03khw7ENAZPjAyZTQBQrqN+vX9c=
github.com/tliron/commonlog v0.2.19/go.mod h1:AcdhfcUqlAWukDrzTGyaPhUgYiNdZhS4dKzD/e0tjcY=
github.com/tliron/glsp v0.2.2 h1:IKPfwpE8Lu8yB6Dayta+IyRMAbTVunudeauEgjXBt+c=
github.com/tliron/glsp v0.2.2/go.mod h1:GMVWDNeODxHzmDPvYbYTCs7yHVaEATfYtXiYJ9w1nBg=
github.com/tliron/kutil v0.3.26 h1:G+dicQLvzm3zdOMrrQFLBfHJXtk57fEu2kf1IFNyJxw=
github.com/tliron/kutil v0.3.26/go.mod h1:1/HRVAb+fnRIRnzmhu0FPP+ZJKobrpwHStDVMuaXDzY=
github.com/tree-sitter/go-tree-sitter v0.24.0 h1:kRZb6aBNfcI/u0Qh8XEt3zjNVnmxTisDBN+kXK0xRYQ=
github.com/tree-sitter/go-tree-sitter v0.24.0/go.mod h1:x681iFVoLMEwOSIHA1chaLkXlroXEN7WY+VHGFaoDbk=
github.com/tree-sitter/go-tree-sitter v0.25.0 h1:sx6kcg8raRFCvc9BnXglke6axya12krCJF5xJ2sftRU=
github.com/tree-sitter/go-tree-sitter v0.25.0/go.mod h1:r77ig7BikoZhHrrsjAnv8RqGti5rtSyvDHPzgTPsUuU=
github.com/tree-sitter/tree-sitter-c v0.21.5-0.20240818205408-927da1f210eb h1:A8425heRM8mylnv4H58FPUiH+aYivyitre0PzxrfmWs=
github.com/tree-sitter/tree-sitter-c v0.21.5-0.20240818205408-927da1f210eb/go.mod h1:dOF6gtQiF9UwNh995T5OphYmtIypkjsp3ap7r9AN/iA=
github.com/tree-sitter/tree-sitter-c v0.23.4 h1:nBPH3FV07DzAD7p0GfNvXM+Y7pNIoPenQWBpvM++t4c=
github.com/tree-sitter/tree-sitter-cpp v0.22.4-0.20240818224355-b1a4e2b25148 h1:AfFPZwtwGN01BW1jDdqBVqscTwetvMpydqYZz57RSlc=
github.com/tree-sitter/tree-sitter-cpp v0.22.4-0.20240818224355-b1a4e2b25148/go.mod h1:Bh6U3viD57rFXRYIQ+kmiYtr+1Bx0AceypDLJJSyi9s=
github.com/tree-sitter/tree-sitter-cpp v0.23.4 h1:LaWZsiqQKvR65yHgKmnaqA+uz6tlDJTJFCyFIeZU/8w=
github.com/tree-sitter/tree-sitter-embedded-template v0.21.1-0.20240819044651-ffbf64942c33 h1:TwqSV3qLp3tKSqirGLRHnjFk9Tc2oy57LIl+FQ4GjI4=
github.com/tree-sitter/tree-sitter-embedded-template v0.21.1-0.20240819044651-ffbf64942c33/go.mod h1:CvCKCt3v04Ufos1zZnNCelBDeCGRpPucaN8QczoUsN4=
github.com/tree-sitter/tree-sitter-embedded-template v0.23.2 h1:nFkkH6Sbe56EXLmZBqHHcamTpmz3TId97I16EnGy4rg=
github.com/tree-sitter/tree-sitter-go v0.21.3-0.20240818010209-8c0f0e7a6012 h1:Xvxck3tE5FW7F7bTS97iNM2ADMyCMJztVqn5HYKdJGo=
github.com/tree-sitter/tree-sitter-go v0.21.3-0.20240818010209-8c0f0e7a6012/go.mod h1:T40D0O1cPvUU/+AmiXVXy1cncYQT6wem4Z0g4SfAYvY=
github.com/tree-sitter/tree-sitter-go v0.23.4 h1:yt5KMGnTHS+86pJmLIAZMWxukr8W7Ae1STPvQUuNROA=
github.com/tree-sitter/tree-sitter-html v0.20.5-0.20240818004741-d11201a263d0 h1:c46K6uh5Dz00zJeU9BfjXdb8I+E4RkUdfnWJpQADXFo=
github.com/tree-sitter/tree-sitter-html v0.20.5-0.20240818004741-d11201a263d0/go.mod h1:hcNt/kOJHcIcuMvouE7LJcYdeFUFbVpBJ6d4wmOA+tU=
github.com/tree-sitter/tree-sitter-html v0.23.2 h1:1UYDV+Yd05GGRhVnTcbP58GkKLSHHZwVaN+lBZV11Lc=
github.com/tree-sitter/tree-sitter-java v0.21.1-0.20240824015150-576d8097e495 h1:jrt4qbJVEFs4H93/ITxygHc6u0TGqAkkate7TQ4wFSA=
github.com/tree-sitter/tree-sitter-java v0.21.1-0.20240824015150-576d8097e495/go.mod h1:oyaR7fLnRV0hT9z6qwE9GkaeTom/hTDwK3H2idcOJFc=
github.com/tree-sitter/tree-sitter-java v0.23.5 h1:J9YeMGMwXYlKSP3K4Us8CitC6hjtMjqpeOf2GGo6tig=
github.com/tree-sitter/tree-sitter-javascript v0.23.1 h1:1fWupaRC0ArlHJ/QJzsfQ3Ibyopw7ZfQK4xXc40Zveo=
github.com/tree-sitter/tree-sitter-javascript v0.23.1/go.mod h1:lmGD1EJdCA+v0S1u2fFgepMg/opzSg/4pgFym2FPGAs=
github.com/tree-sitter/tree-sitter-json v0.21.1-0.20240818005659-bdd69eb8c8a5 h1:pfV3G3k7NCKqKk8THBmyuh2zA33lgYHS3GVrzRR8ry4=
github.com/tree-sitter/tree-sitter-json v0.21.1-0.20240818005659-bdd69eb8c8a5/go.mod h1:GbMKRjLfk0H+PI7nLi1Sx5lHf5wCpLz9al8tQYSxpEk=
github.com/tree-sitter/tree-sitter-json v0.24.8 h1:tV5rMkihgtiOe14a9LHfDY5kzTl5GNUYe6carZBn0fQ=
github.com/tree-sitter/tree-sitter-php v0.22.9-0.20240819002312-a552625b56c1 h1:ZXZMDwE+IhUtGug4Brv6NjJWUU3rfkZBKpemf6RY8/g=
github.com/tree-sitter/tree-sitter-php v0.22.9-0.20240819002312-a552625b56c1/go.mod h1:UKCLuYnJ312Mei+3cyTmGOHzn0YAnaPRECgJmHtzrqs=
github.com/tree-sitter/tree-sitter-php v0.23.11 h1:iHewsLNDmznh8kgGyfWfujsZxIz1YGbSd2ZTEM0ZiP8=
github.com/tree-sitter/tree-sitter-python v0.21.1-0.20240818005537-55a9b8a4fbfb h1:EXEM82lFM7JjJb6qiKZXkpIDaCcbV2obNn82ghwj9lw=
github.com/tree-sitter/tree-sitter-python v0.21.1-0.20240818005537-55a9b8a4fbfb/go.mod h1:lXCF1nGG5Dr4J3BTS0ObN4xJCCICiSu/b+Xe/VqMV7g=
github.com/tree-sitter/tree-sitter-python v0.23.6 h1:qHnWFR5WhtMQpxBZRwiaU5Hk/29vGju6CVtmvu5Haas=
github.com/tree-sitter/tree-sitter-ruby v0.21.1-0.20240818211811-7dbc1e2d0e2d h1:fcYCvoXdcP1uRQYXqJHRy6Hec+uKScQdKVtMwK9JeCI=
github.com/tree-sitter/tree-sitter-ruby v0.21.1-0.20240818211811-7dbc1e2d0e2d/go.mod h1:T1nShQ4v5AJtozZ8YyAS4uzUtDAJj/iv4YfwXSbUHzg=
github.com/tree-sitter/tree-sitter-ruby v0.23.1 h1:T/NKHUA+iVbHM440hFx+lzVOzS4dV6z8Qw8ai+72bYo=
github.com/tree-sitter/tree-sitter-rust v0.21.3-0.20240818005432-2b43eafe6447 h1:o9alBu1J/WjrcTKEthYtXmdkDc5OVXD+PqlvnEZ0Lzc=
github.com/tree-sitter/tree-sitter-rust v0.21.3-0.20240818005432-2b43eafe6447/go.mod h1:1Oh95COkkTn6Ezp0vcMbvfhRP5gLeqqljR0BYnBzWvc=
github.com/tree-sitter/tree-sitter-rust v0.23.2 h1:6AtoooCW5GqNrRpfnvl0iUhxTAZEovEmLKDbyHlfw90=
golang.org/x/crypto v0.32.0 h1:euUpcYgM8WcP71gNpTqQCn6rC2t6ULUPiOzfWaXVVfc=
golang.org/x/crypto v0.32.0/go.mod h1:ZnnJkOaASj8g0AjIduWNlq2NRxL0PlBrbKVyZ6V/Ugc=
golang.org/x/crypto v0.37.0 h1:kJNSjF/Xp7kU0iB2Z+9viTPMW4EqqsrywMXLJOOsXSE=
golang.org/x/crypto v0.37.0/go.mod h1:vg+k43peMZ0pUMhYmVAWysMK35e6ioLh3wB8ZCAfbVc=
golang.org/x/crypto v0.38.0 h1:jt+WWG8IZlBnVbomuhg2Mdq0+BBQaHbtqHEFEigjUV8=
golang.org/x/crypto v0.38.0/go.mod h1:MvrbAqul58NNYPKnOra203SB9vpuZW0e+RRZV+Ggqjw=
golang.org/x/sys v0.6.0/go.mod h1:oPkhp1MJrh7nUepCBck5+mAzfO9JrbApNNgaTdGDITg=
golang.org/x/sys v0.29.0 h1:TPYlXGxvx1MGTn2GiZDhnjPA9wZzZeGKHHmKhHYvgaU=
golang.org/x/sys v0.29.0/go.mod h1:/VUhepiaJMQUp4+oa/7Zr1D23ma6VTLIYjOOTFZPUcA=
golang.org/x/sys v0.32.0 h1:s77OFDvIQeibCmezSnk/q6iAfkdiQaJi4VzroCFrN20=
golang.org/x/sys v0.32.0/go.mod h1:BJP2sWEmIv4KK5OTEluFJCKSidICx8ciO85XgH3Ak8k=
golang.org/x/sys v0.33.0 h1:q3i8TbbEz+JRD9ywIRlyRAQbM0qF7hu24q3teo2hbuw=
golang.org/x/sys v0.33.0/go.mod h1:BJP2sWEmIv4KK5OTEluFJCKSidICx8ciO85XgH3Ak8k=
golang.org/x/term v0.28.0 h1:/Ts8HFuMR2E6IP/jlo7QVLZHggjKQbhu/7H0LJFr3Gg=
golang.org/x/term v0.28.0/go.mod h1:Sw/lC2IAUZ92udQNf3WodGtn4k/XoLyZoh8v/8uiwek=
golang.org/x/term v0.31.0 h1:erwDkOK1Msy6offm1mOgvspSkslFnIGsFnxOKoufg3o=
golang.org/x/term v0.31.0/go.mod h1:R4BeIy7D95HzImkxGkTW1UQTtP54tio2RyHz7PwK0aw=
golang.org/x/term v0.32.0 h1:DR4lr0TjUs3epypdhTOkMmuF5CDFJ/8pOnbzMZPQ7bg=
golang.org/x/term v0.32.0/go.mod h1:uZG1FhGx848Sqfsq4/DlJr3xGGsYMu/L5GW4abiaEPQ=
gopkg.in/yaml.v3 v3.0.1 h1:fxVm/GzAzEWqLHuvctI91KS9hhNmmWOoWu0XTYJS7CA=
gopkg.in/yaml.v3 v3.0.1/go.mod h1:K4uyk7z7BCEPqu6E+C64Yfv1cQ7kz7rIZviUmN+EgEM=
